
Microsoft Visual Studio Solution File, Format Version 12.00
# Visual Studio 15
VisualStudioVersion = 15.0.28010.2048
MinimumVisualStudioVersion = 10.0.40219.1
Project("{FAE04EC0-301F-11D3-BF4B-00C04F79EFBC}") = "AlgorithmsDataStructures2", "AlgorithmsDataStructures2\AlgorithmsDataStructures2.csproj", "{71F74F66-9942-44A4-B409-048AB7F7F953}"
EndProject
Project("{FAE04EC0-301F-11D3-BF4B-00C04F79EFBC}") = "AlgoTest_2", "AlgoTest_2\AlgoTest_2.csproj", "{14922CF1-47BF-48CB-9CB6-00AE7CAE51E5}"
EndProject
Global
	GlobalSection(SolutionConfigurationPlatforms) = preSolution
		Debug|Any CPU = Debug|Any CPU
		Release|Any CPU = Release|Any CPU
	EndGlobalSection
	GlobalSection(ProjectConfigurationPlatforms) = postSolution
		{71F74F66-9942-44A4-B409-048AB7F7F953}.Debug|Any CPU.ActiveCfg = Debug|Any CPU
		{71F74F66-9942-44A4-B409-048AB7F7F953}.Debug|Any CPU.Build.0 = Debug|Any CPU
		{71F74F66-9942-44A4-B409-048AB7F7F953}.Release|Any CPU.ActiveCfg = Release|Any CPU
		{71F74F66-9942-44A4-B409-048AB7F7F953}.Release|Any CPU.Build.0 = Release|Any CPU
		{14922CF1-47BF-48CB-9CB6-00AE7CAE51E5}.Debug|Any CPU.ActiveCfg = Debug|Any CPU
		{14922CF1-47BF-48CB-9CB6-00AE7CAE51E5}.Debug|Any CPU.Build.0 = Debug|Any CPU
		{14922CF1-47BF-48CB-9CB6-00AE7CAE51E5}.Release|Any CPU.ActiveCfg = Release|Any CPU
		{14922CF1-47BF-48CB-9CB6-00AE7CAE51E5}.Release|Any CPU.Build.0 = Release|Any CPU
	EndGlobalSection
	GlobalSection(SolutionProperties) = preSolution
		HideSolutionNode = FALSE
	EndGlobalSection
	GlobalSection(ExtensibilityGlobals) = postSolution
		SolutionGuid = {CFEFA900-720D-4DA3-B5AA-FD17A41A44BE}
	EndGlobalSection
EndGlobal
